
Microsoft Visual Studio Solution File, Format Version 12.00
# Visual Studio Version 17
VisualStudioVersion = 17.2.32630.192
MinimumVisualStudioVersion = 10.0.40219.1
Project("{FAE04EC0-301F-11D3-BF4B-00C04F79EFBC}") = "written oracle", "written oracle\written oracle.csproj", "{1FBA810E-4243-4F6B-B30B-000B27E7FF33}"
EndProject
Global
	GlobalSection(SolutionConfigurationPlatforms) = preSolution
		Debug|Any CPU = Debug|Any CPU
		Release|Any CPU = Release|Any CPU
	EndGlobalSection
	GlobalSection(ProjectConfigurationPlatforms) = postSolution
		{1FBA810E-4243-4F6B-B30B-000B27E7FF33}.Debug|Any CPU.ActiveCfg = Debug|Any CPU
		{1FBA810E-4243-4F6B-B30B-000B27E7FF33}.Debug|Any CPU.Build.0 = Debug|Any CPU
		{1FBA810E-4243-4F6B-B30B-000B27E7FF33}.Release|Any CPU.ActiveCfg = Release|Any CPU
		{1FBA810E-4243-4F6B-B30B-000B27E7FF33}.Release|Any CPU.Build.0 = Release|Any CPU
	EndGlobalSection
	GlobalSection(SolutionProperties) = preSolution
		HideSolutionNode = FALSE
	EndGlobalSection
	GlobalSection(ExtensibilityGlobals) = postSolution
		SolutionGuid = {326BC7FF-A6A1-477A-83C2-A052CFF367ED}
	EndGlobalSection
EndGlobal
